
Microsoft Visual Studio Solution File, Format Version 12.00
# Visual Studio Version 17
VisualStudioVersion = 17.11.35219.272
MinimumVisualStudioVersion = 10.0.40219.1
Project("{9A19103F-16F7-4668-BE54-9A1E7A4F7556}") = "SFA.DAS.DownloadService.Web", "SFA.DAS.DownloadService.Web\SFA.DAS.DownloadService.Web.csproj", "{70D8A66E-3298-4152-A806-E037AF39078E}"
EndProject
Project("{2150E333-8FDC-42A3-9474-1A3956D46DE8}") = "Infrastructure", "Infrastructure", "{D7177F22-D13B-48B8-8079-9CEF8A56BE6B}"
EndProject
Project("{2150E333-8FDC-42A3-9474-1A3956D46DE8}") = "Client", "Client", "{A8FE17AF-0716-4E72-9719-50D9FC214746}"
EndProject
Project("{9A19103F-16F7-4668-BE54-9A1E7A4F7556}") = "SFA.DAS.DownloadService.Settings", "SFA.DAS.DownloadService.Settings\SFA.DAS.DownloadService.Settings.csproj", "{B0FD44B5-9058-4A0D-B5F0-7128250D02CF}"
EndProject
Project("{9A19103F-16F7-4668-BE54-9A1E7A4F7556}") = "SFA.DAS.DownloadService.Api.Types", "SFA.DAS.DownloadService.Api.Types\SFA.DAS.DownloadService.Api.Types.csproj", "{82D5393D-2F7E-4C9C-ACE8-B3FB75984FB8}"
EndProject
Project("{2150E333-8FDC-42A3-9474-1A3956D46DE8}") = "Tests", "Tests", "{F1B4F0AA-6A63-41E2-AEC6-3012D53316C2}"
EndProject
Project("{9A19103F-16F7-4668-BE54-9A1E7A4F7556}") = "SFA.DAS.DownloadService.UnitTests", "SFA.DAS.DownloadService.UnitTests\SFA.DAS.DownloadService.UnitTests.csproj", "{CB3917BF-32BC-40CB-9D46-3D2F462B54F3}"
EndProject
Project("{2150E333-8FDC-42A3-9474-1A3956D46DE8}") = "Services", "Services", "{6C6E074C-5BF5-409E-8030-7AC05CEAA870}"
EndProject
Project("{9A19103F-16F7-4668-BE54-9A1E7A4F7556}") = "SFA.DAS.DownloadService.Services", "SFA.DAS.DownloadService.Services\SFA.DAS.DownloadService.Services.csproj", "{5FA40F36-4C86-4582-AAD1-0E06A92399C9}"
EndProject
Project("{9A19103F-16F7-4668-BE54-9A1E7A4F7556}") = "SFA.DAS.DownloadService.Api", "SFA.DAS.DownloadService.Api\SFA.DAS.DownloadService.Api.csproj", "{C7666734-9E8E-45FE-8D92-DF83C456D341}"
EndProject
Project("{9A19103F-16F7-4668-BE54-9A1E7A4F7556}") = "SFA.DAS.DownloadService.Api.Client", "SFA.DAS.DownloadService.Api.Client\SFA.DAS.DownloadService.Api.Client.csproj", "{B1ED30E1-2A56-48AE-9B3E-D1C3A68B47A2}"
EndProject
Global
	GlobalSection(SolutionConfigurationPlatforms) = preSolution
		Debug|Any CPU = Debug|Any CPU
		Release|Any CPU = Release|Any CPU
	EndGlobalSection
	GlobalSection(ProjectConfigurationPlatforms) = postSolution
		{5FA40F36-4C86-4582-AAD1-0E06A92399C9}.Debug|Any CPU.ActiveCfg = Debug|Any CPU
		{5FA40F36-4C86-4582-AAD1-0E06A92399C9}.Debug|Any CPU.Build.0 = Debug|Any CPU
		{5FA40F36-4C86-4582-AAD1-0E06A92399C9}.Release|Any CPU.ActiveCfg = Release|Any CPU
		{5FA40F36-4C86-4582-AAD1-0E06A92399C9}.Release|Any CPU.Build.0 = Release|Any CPU
		{B0FD44B5-9058-4A0D-B5F0-7128250D02CF}.Debug|Any CPU.ActiveCfg = Debug|Any CPU
		{B0FD44B5-9058-4A0D-B5F0-7128250D02CF}.Debug|Any CPU.Build.0 = Debug|Any CPU
		{B0FD44B5-9058-4A0D-B5F0-7128250D02CF}.Release|Any CPU.ActiveCfg = Release|Any CPU
		{B0FD44B5-9058-4A0D-B5F0-7128250D02CF}.Release|Any CPU.Build.0 = Release|Any CPU
		{82D5393D-2F7E-4C9C-ACE8-B3FB75984FB8}.Debug|Any CPU.ActiveCfg = Debug|Any CPU
		{82D5393D-2F7E-4C9C-ACE8-B3FB75984FB8}.Debug|Any CPU.Build.0 = Debug|Any CPU
		{82D5393D-2F7E-4C9C-ACE8-B3FB75984FB8}.Release|Any CPU.ActiveCfg = Release|Any CPU
		{82D5393D-2F7E-4C9C-ACE8-B3FB75984FB8}.Release|Any CPU.Build.0 = Release|Any CPU
		{C7666734-9E8E-45FE-8D92-DF83C456D341}.Debug|Any CPU.ActiveCfg = Debug|Any CPU
		{C7666734-9E8E-45FE-8D92-DF83C456D341}.Debug|Any CPU.Build.0 = Debug|Any CPU
		{C7666734-9E8E-45FE-8D92-DF83C456D341}.Release|Any CPU.ActiveCfg = Release|Any CPU
		{C7666734-9E8E-45FE-8D92-DF83C456D341}.Release|Any CPU.Build.0 = Release|Any CPU
		{B1ED30E1-2A56-48AE-9B3E-D1C3A68B47A2}.Debug|Any CPU.ActiveCfg = Debug|Any CPU
		{B1ED30E1-2A56-48AE-9B3E-D1C3A68B47A2}.Debug|Any CPU.Build.0 = Debug|Any CPU
		{B1ED30E1-2A56-48AE-9B3E-D1C3A68B47A2}.Release|Any CPU.ActiveCfg = Release|Any CPU
		{B1ED30E1-2A56-48AE-9B3E-D1C3A68B47A2}.Release|Any CPU.Build.0 = Release|Any CPU
		{70D8A66E-3298-4152-A806-E037AF39078E}.Debug|Any CPU.ActiveCfg = Debug|Any CPU
		{70D8A66E-3298-4152-A806-E037AF39078E}.Debug|Any CPU.Build.0 = Debug|Any CPU
		{70D8A66E-3298-4152-A806-E037AF39078E}.Release|Any CPU.ActiveCfg = Release|Any CPU
		{70D8A66E-3298-4152-A806-E037AF39078E}.Release|Any CPU.Build.0 = Release|Any CPU
		{CB3917BF-32BC-40CB-9D46-3D2F462B54F3}.Debug|Any CPU.ActiveCfg = Debug|Any CPU
		{CB3917BF-32BC-40CB-9D46-3D2F462B54F3}.Debug|Any CPU.Build.0 = Debug|Any CPU
		{CB3917BF-32BC-40CB-9D46-3D2F462B54F3}.Release|Any CPU.ActiveCfg = Release|Any CPU
		{CB3917BF-32BC-40CB-9D46-3D2F462B54F3}.Release|Any CPU.Build.0 = Release|Any CPU
	EndGlobalSection
	GlobalSection(SolutionProperties) = preSolution
		HideSolutionNode = FALSE
	EndGlobalSection
	GlobalSection(NestedProjects) = preSolution
		{5FA40F36-4C86-4582-AAD1-0E06A92399C9} = {6C6E074C-5BF5-409E-8030-7AC05CEAA870}
		{B0FD44B5-9058-4A0D-B5F0-7128250D02CF} = {D7177F22-D13B-48B8-8079-9CEF8A56BE6B}
		{82D5393D-2F7E-4C9C-ACE8-B3FB75984FB8} = {A8FE17AF-0716-4E72-9719-50D9FC214746}
		{C7666734-9E8E-45FE-8D92-DF83C456D341} = {D7177F22-D13B-48B8-8079-9CEF8A56BE6B}
		{B1ED30E1-2A56-48AE-9B3E-D1C3A68B47A2} = {A8FE17AF-0716-4E72-9719-50D9FC214746}
		{70D8A66E-3298-4152-A806-E037AF39078E} = {D7177F22-D13B-48B8-8079-9CEF8A56BE6B}
		{CB3917BF-32BC-40CB-9D46-3D2F462B54F3} = {F1B4F0AA-6A63-41E2-AEC6-3012D53316C2}
	EndGlobalSection
	GlobalSection(ExtensibilityGlobals) = postSolution
		SolutionGuid = {46E9B2DB-7592-46C6-A1B9-8767C9189B73}
	EndGlobalSection
EndGlobal
